
Microsoft Visual Studio Solution File, Format Version 12.00
# Visual Studio Version 16
VisualStudioVersion = 16.0.31112.23
MinimumVisualStudioVersion = 10.0.40219.1
Project("{FAE04EC0-301F-11D3-BF4B-00C04F79EFBC}") = "asp.netFirstProject", "asp.netFirstProject\asp.netFirstProject.csproj", "{02BF5EA4-AA0F-4A4C-86E4-897D4DAAE02D}"
EndProject
Global
	GlobalSection(SolutionConfigurationPlatforms) = preSolution
		Debug|Any CPU = Debug|Any CPU
		Release|Any CPU = Release|Any CPU
	EndGlobalSection
	GlobalSection(ProjectConfigurationPlatforms) = postSolution
		{02BF5EA4-AA0F-4A4C-86E4-897D4DAAE02D}.Debug|Any CPU.ActiveCfg = Debug|Any CPU
		{02BF5EA4-AA0F-4A4C-86E4-897D4DAAE02D}.Debug|Any CPU.Build.0 = Debug|Any CPU
		{02BF5EA4-AA0F-4A4C-86E4-897D4DAAE02D}.Release|Any CPU.ActiveCfg = Release|Any CPU
		{02BF5EA4-AA0F-4A4C-86E4-897D4DAAE02D}.Release|Any CPU.Build.0 = Release|Any CPU
	EndGlobalSection
	GlobalSection(SolutionProperties) = preSolution
		HideSolutionNode = FALSE
	EndGlobalSection
	GlobalSection(ExtensibilityGlobals) = postSolution
		SolutionGuid = {D75D7420-D934-4A58-8D5A-BCEF03376740}
	EndGlobalSection
EndGlobal
